
Microsoft Visual Studio Solution File, Format Version 12.00
# Visual Studio Version 17
VisualStudioVersion = 17.13.35825.156 d17.13
MinimumVisualStudioVersion = 10.0.40219.1
Project("{FAE04EC0-301F-11D3-BF4B-00C04F79EFBC}") = "Sorting visualiser", "Sorting visualiser\Sorting visualiser.csproj", "{6E1FD278-1CB1-4981-B5EC-DC123DFF18D1}"
EndProject
Global
	GlobalSection(SolutionConfigurationPlatforms) = preSolution
		Debug|Any CPU = Debug|Any CPU
		Release|Any CPU = Release|Any CPU
	EndGlobalSection
	GlobalSection(ProjectConfigurationPlatforms) = postSolution
		{6E1FD278-1CB1-4981-B5EC-DC123DFF18D1}.Debug|Any CPU.ActiveCfg = Debug|Any CPU
		{6E1FD278-1CB1-4981-B5EC-DC123DFF18D1}.Debug|Any CPU.Build.0 = Debug|Any CPU
		{6E1FD278-1CB1-4981-B5EC-DC123DFF18D1}.Release|Any CPU.ActiveCfg = Release|Any CPU
		{6E1FD278-1CB1-4981-B5EC-DC123DFF18D1}.Release|Any CPU.Build.0 = Release|Any CPU
	EndGlobalSection
	GlobalSection(SolutionProperties) = preSolution
		HideSolutionNode = FALSE
	EndGlobalSection
	GlobalSection(ExtensibilityGlobals) = postSolution
		SolutionGuid = {22108342-7943-4E2F-B4D5-5CCBDC765431}
	EndGlobalSection
EndGlobal
